
Microsoft Visual Studio Solution File, Format Version 12.00
# Visual Studio Version 17
VisualStudioVersion = 17.4.33110.190
MinimumVisualStudioVersion = 10.0.40219.1
Project("{FAE04EC0-301F-11D3-BF4B-00C04F79EFBC}") = "WindowsForms_ping_pong", "WindowsForms_ping_pong\WindowsForms_ping_pong.csproj", "{4FD77541-0D2C-46CE-AADB-78B21F7B626B}"
EndProject
Global
	GlobalSection(SolutionConfigurationPlatforms) = preSolution
		Debug|Any CPU = Debug|Any CPU
		Release|Any CPU = Release|Any CPU
	EndGlobalSection
	GlobalSection(ProjectConfigurationPlatforms) = postSolution
		{4FD77541-0D2C-46CE-AADB-78B21F7B626B}.Debug|Any CPU.ActiveCfg = Debug|Any CPU
		{4FD77541-0D2C-46CE-AADB-78B21F7B626B}.Debug|Any CPU.Build.0 = Debug|Any CPU
		{4FD77541-0D2C-46CE-AADB-78B21F7B626B}.Release|Any CPU.ActiveCfg = Release|Any CPU
		{4FD77541-0D2C-46CE-AADB-78B21F7B626B}.Release|Any CPU.Build.0 = Release|Any CPU
	EndGlobalSection
	GlobalSection(SolutionProperties) = preSolution
		HideSolutionNode = FALSE
	EndGlobalSection
	GlobalSection(ExtensibilityGlobals) = postSolution
		SolutionGuid = {A34B4434-A379-4C89-9CB5-F9C8C0BF1335}
	EndGlobalSection
EndGlobal
